# This file is automatically @generated by Wally.
# It is not intended for manual editing.
registry = "test"

[[package]]
name = "csqrl/sift"
version = "0.0.9"
dependencies = []

[[package]]
name = "evaera/promise"
version = "4.0.0"
dependencies = []

[[package]]
name = "littensy/reflex"
version = "4.3.1"
dependencies = [["Promise", "evaera/promise@4.0.0"]]

[[package]]
name = "littensy/remo"
version = "1.5.0"
dependencies = [["Promise", "evaera/promise@4.0.0"]]

[[package]]
name = "nezuo/lapis"
version = "0.3.3"
dependencies = [["Promise", "evaera/promise@4.0.0"]]

[[package]]
name = "osyrisrblx/t"
version = "3.1.1"
dependencies = []

[[package]]
name = "sleitnick/loader"
version = "2.0.0"
dependencies = []

[[package]]
name = "triducal/roblox-template"
version = "0.1.0"
dependencies = [["Lapis", "nezuo/lapis@0.3.3"], ["Loader", "sleitnick/loader@2.0.0"], ["Promise", "evaera/promise@4.0.0"], ["Reflex", "littensy/reflex@4.3.1"], ["Remo", "littensy/remo@1.5.0"], ["Sift", "csqrl/sift@0.0.9"], ["t", "osyrisrblx/t@3.1.1"]]
